
Microsoft Visual Studio Solution File, Format Version 12.00
# Visual Studio Version 17
VisualStudioVersion = 17.10.34916.146
MinimumVisualStudioVersion = 10.0.40219.1
Project("{FAE04EC0-301F-11D3-BF4B-00C04F79EFBC}") = "Sınav", "Sınav\Sınav.csproj", "{F3B80089-2CEA-4261-8659-79DE265F59CE}"
EndProject
Global
	GlobalSection(SolutionConfigurationPlatforms) = preSolution
		Debug|Any CPU = Debug|Any CPU
		Release|Any CPU = Release|Any CPU
	EndGlobalSection
	GlobalSection(ProjectConfigurationPlatforms) = postSolution
		{F3B80089-2CEA-4261-8659-79DE265F59CE}.Debug|Any CPU.ActiveCfg = Debug|Any CPU
		{F3B80089-2CEA-4261-8659-79DE265F59CE}.Debug|Any CPU.Build.0 = Debug|Any CPU
		{F3B80089-2CEA-4261-8659-79DE265F59CE}.Release|Any CPU.ActiveCfg = Release|Any CPU
		{F3B80089-2CEA-4261-8659-79DE265F59CE}.Release|Any CPU.Build.0 = Release|Any CPU
	EndGlobalSection
	GlobalSection(SolutionProperties) = preSolution
		HideSolutionNode = FALSE
	EndGlobalSection
	GlobalSection(ExtensibilityGlobals) = postSolution
		SolutionGuid = {AF4C00C5-A37E-4504-8032-837CD1154FD0}
	EndGlobalSection
EndGlobal
